
Microsoft Visual Studio Solution File, Format Version 12.00
# Visual Studio Version 17
VisualStudioVersion = 17.11.35303.130
MinimumVisualStudioVersion = 10.0.40219.1
Project("{FAE04EC0-301F-11D3-BF4B-00C04F79EFBC}") = "HelloWorld2", "HelloWorld2\HelloWorld2.csproj", "{3F13FE74-DED5-49AD-9B31-C1163012B93D}"
EndProject
Global
	GlobalSection(SolutionConfigurationPlatforms) = preSolution
		Debug|Any CPU = Debug|Any CPU
		Release|Any CPU = Release|Any CPU
	EndGlobalSection
	GlobalSection(ProjectConfigurationPlatforms) = postSolution
		{3F13FE74-DED5-49AD-9B31-C1163012B93D}.Debug|Any CPU.ActiveCfg = Debug|Any CPU
		{3F13FE74-DED5-49AD-9B31-C1163012B93D}.Debug|Any CPU.Build.0 = Debug|Any CPU
		{3F13FE74-DED5-49AD-9B31-C1163012B93D}.Release|Any CPU.ActiveCfg = Release|Any CPU
		{3F13FE74-DED5-49AD-9B31-C1163012B93D}.Release|Any CPU.Build.0 = Release|Any CPU
	EndGlobalSection
	GlobalSection(SolutionProperties) = preSolution
		HideSolutionNode = FALSE
	EndGlobalSection
	GlobalSection(ExtensibilityGlobals) = postSolution
		SolutionGuid = {E69193A5-954E-495D-B259-8867FD55FB89}
	EndGlobalSection
EndGlobal
